
Microsoft Visual Studio Solution File, Format Version 12.00
# Visual Studio 15
VisualStudioVersion = 15.0.28010.2046
MinimumVisualStudioVersion = 10.0.40219.1
Project("{FAE04EC0-301F-11D3-BF4B-00C04F79EFBC}") = "Vidly", "Vidly\Vidly.csproj", "{45AA691D-0A23-421E-B386-D7FCBF495501}"
EndProject
Global
	GlobalSection(SolutionConfigurationPlatforms) = preSolution
		Debug|Any CPU = Debug|Any CPU
		Release|Any CPU = Release|Any CPU
	EndGlobalSection
	GlobalSection(ProjectConfigurationPlatforms) = postSolution
		{45AA691D-0A23-421E-B386-D7FCBF495501}.Debug|Any CPU.ActiveCfg = Debug|Any CPU
		{45AA691D-0A23-421E-B386-D7FCBF495501}.Debug|Any CPU.Build.0 = Debug|Any CPU
		{45AA691D-0A23-421E-B386-D7FCBF495501}.Release|Any CPU.ActiveCfg = Release|Any CPU
		{45AA691D-0A23-421E-B386-D7FCBF495501}.Release|Any CPU.Build.0 = Release|Any CPU
	EndGlobalSection
	GlobalSection(SolutionProperties) = preSolution
		HideSolutionNode = FALSE
	EndGlobalSection
	GlobalSection(ExtensibilityGlobals) = postSolution
		SolutionGuid = {E527A721-D6B8-4894-A628-9209014D87D2}
	EndGlobalSection
EndGlobal
